
Microsoft Visual Studio Solution File, Format Version 12.00
# Visual Studio 15
VisualStudioVersion = 15.0.27428.2015
MinimumVisualStudioVersion = 10.0.40219.1
Project("{888888A0-9F3D-457C-B088-3A5042F75D52}") = "435A1", "435A1\435A1.pyproj", "{C8CB23C1-CFA3-4DE7-B46D-1705A7E6C9D2}"
EndProject
Global
	GlobalSection(SolutionConfigurationPlatforms) = preSolution
		Debug|Any CPU = Debug|Any CPU
		Release|Any CPU = Release|Any CPU
	EndGlobalSection
	GlobalSection(ProjectConfigurationPlatforms) = postSolution
		{C8CB23C1-CFA3-4DE7-B46D-1705A7E6C9D2}.Debug|Any CPU.ActiveCfg = Debug|Any CPU
		{C8CB23C1-CFA3-4DE7-B46D-1705A7E6C9D2}.Release|Any CPU.ActiveCfg = Release|Any CPU
	EndGlobalSection
	GlobalSection(SolutionProperties) = preSolution
		HideSolutionNode = FALSE
	EndGlobalSection
	GlobalSection(ExtensibilityGlobals) = postSolution
		SolutionGuid = {0394C05D-7C41-4B3E-B290-660F9FBC21B9}
	EndGlobalSection
EndGlobal
